// !$*UTF8*$!
{
	archiveVersion = 1;
	classes = {
	};
	objectVersion = 56;
	objects = {

/* Begin PBXBuildFile section */
		9D1DB8612A96D4E3009DC270 /* StartButtonView.swift in Sources */ = {isa = PBXBuildFile; fileRef = 9D1DB8602A96D4E3009DC270 /* StartButtonView.swift */; };
		9D1DB8632A96D723009DC270 /* OnboardingView.swift in Sources */ = {isa = PBXBuildFile; fileRef = 9D1DB8622A96D723009DC270 /* OnboardingView.swift */; };
		9D1DB8662A96D9F8009DC270 /* Color+Extension.swift in Sources */ = {isa = PBXBuildFile; fileRef = 9D1DB8652A96D9F8009DC270 /* Color+Extension.swift */; };
		9D4675F82AA7F2F800FC3B6B /* FruitRowView.swift in Sources */ = {isa = PBXBuildFile; fileRef = 9D4675F72AA7F2F800FC3B6B /* FruitRowView.swift */; };
		9DC539D12A96CC82002B43D8 /* FructusApp.swift in Sources */ = {isa = PBXBuildFile; fileRef = 9DC539D02A96CC82002B43D8 /* FructusApp.swift */; };
		9DC539D32A96CC82002B43D8 /* ContentView.swift in Sources */ = {isa = PBXBuildFile; fileRef = 9DC539D22A96CC82002B43D8 /* ContentView.swift */; };
		9DC539D52A96CC84002B43D8 /* Assets.xcassets in Resources */ = {isa = PBXBuildFile; fileRef = 9DC539D42A96CC84002B43D8 /* Assets.xcassets */; };
		9DC539D92A96CC84002B43D8 /* Preview Assets.xcassets in Resources */ = {isa = PBXBuildFile; fileRef = 9DC539D82A96CC84002B43D8 /* Preview Assets.xcassets */; };
		9DC539E22A96D12B002B43D8 /* FruitCardView.swift in Sources */ = {isa = PBXBuildFile; fileRef = 9DC539E12A96D12B002B43D8 /* FruitCardView.swift */; };
		9DF81F2B2A97D64100AF53B7 /* FruitsModel.swift in Sources */ = {isa = PBXBuildFile; fileRef = 9DF81F2A2A97D64100AF53B7 /* FruitsModel.swift */; };
		9DF81F2E2A97D6FB00AF53B7 /* FruitData.swift in Sources */ = {isa = PBXBuildFile; fileRef = 9DF81F2D2A97D6FB00AF53B7 /* FruitData.swift */; };
		9DF81F302A97DFF600AF53B7 /* AppStorage+String+Extension.swift in Sources */ = {isa = PBXBuildFile; fileRef = 9DF81F2F2A97DFF600AF53B7 /* AppStorage+String+Extension.swift */; };
/* End PBXBuildFile section */

/* Begin PBXFileReference section */
		9D1DB8602A96D4E3009DC270 /* StartButtonView.swift */ = {isa = PBXFileReference; lastKnownFileType = sourcecode.swift; path = StartButtonView.swift; sourceTree = "<group>"; };
		9D1DB8622A96D723009DC270 /* OnboardingView.swift */ = {isa = PBXFileReference; lastKnownFileType = sourcecode.swift; path = OnboardingView.swift; sourceTree = "<group>"; };
		9D1DB8652A96D9F8009DC270 /* Color+Extension.swift */ = {isa = PBXFileReference; lastKnownFileType = sourcecode.swift; path = "Color+Extension.swift"; sourceTree = "<group>"; };
		9D4675F72AA7F2F800FC3B6B /* FruitRowView.swift */ = {isa = PBXFileReference; lastKnownFileType = sourcecode.swift; path = FruitRowView.swift; sourceTree = "<group>"; };
		9DC539CD2A96CC82002B43D8 /* Fructus.app */ = {isa = PBXFileReference; explicitFileType = wrapper.application; includeInIndex = 0; path = Fructus.app; sourceTree = BUILT_PRODUCTS_DIR; };
		9DC539D02A96CC82002B43D8 /* FructusApp.swift */ = {isa = PBXFileReference; lastKnownFileType = sourcecode.swift; path = FructusApp.swift; sourceTree = "<group>"; };
		9DC539D22A96CC82002B43D8 /* ContentView.swift */ = {isa = PBXFileReference; lastKnownFileType = sourcecode.swift; path = ContentView.swift; sourceTree = "<group>"; };
		9DC539D42A96CC84002B43D8 /* Assets.xcassets */ = {isa = PBXFileReference; lastKnownFileType = folder.assetcatalog; path = Assets.xcassets; sourceTree = "<group>"; };
		9DC539D62A96CC84002B43D8 /* Fructus.entitlements */ = {isa = PBXFileReference; lastKnownFileType = text.plist.entitlements; path = Fructus.entitlements; sourceTree = "<group>"; };
		9DC539D82A96CC84002B43D8 /* Preview Assets.xcassets */ = {isa = PBXFileReference; lastKnownFileType = folder.assetcatalog; path = "Preview Assets.xcassets"; sourceTree = "<group>"; };
		9DC539E12A96D12B002B43D8 /* FruitCardView.swift */ = {isa = PBXFileReference; lastKnownFileType = sourcecode.swift; path = FruitCardView.swift; sourceTree = "<group>"; };
		9DF81F2A2A97D64100AF53B7 /* FruitsModel.swift */ = {isa = PBXFileReference; lastKnownFileType = sourcecode.swift; path = FruitsModel.swift; sourceTree = "<group>"; };
		9DF81F2D2A97D6FB00AF53B7 /* FruitData.swift */ = {isa = PBXFileReference; lastKnownFileType = sourcecode.swift; path = FruitData.swift; sourceTree = "<group>"; };
		9DF81F2F2A97DFF600AF53B7 /* AppStorage+String+Extension.swift */ = {isa = PBXFileReference; lastKnownFileType = sourcecode.swift; path = "AppStorage+String+Extension.swift"; sourceTree = "<group>"; };
/* End PBXFileReference section */

/* Begin PBXFrameworksBuildPhase section */
		9DC539CA2A96CC82002B43D8 /* Frameworks */ = {
			isa = PBXFrameworksBuildPhase;
			buildActionMask = 2147483647;
			files = (
			);
			runOnlyForDeploymentPostprocessing = 0;
		};
/* End PBXFrameworksBuildPhase section */

/* Begin PBXGroup section */
		9D1DB8642A96D9E3009DC270 /* Extensions */ = {
			isa = PBXGroup;
			children = (
				9D1DB8652A96D9F8009DC270 /* Color+Extension.swift */,
			);
			path = Extensions;
			sourceTree = "<group>";
		};
		9DC539C42A96CC82002B43D8 = {
			isa = PBXGroup;
			children = (
				9DC539CF2A96CC82002B43D8 /* Fructus */,
				9DC539CE2A96CC82002B43D8 /* Products */,
			);
			sourceTree = "<group>";
		};
		9DC539CE2A96CC82002B43D8 /* Products */ = {
			isa = PBXGroup;
			children = (
				9DC539CD2A96CC82002B43D8 /* Fructus.app */,
			);
			name = Products;
			sourceTree = "<group>";
		};
		9DC539CF2A96CC82002B43D8 /* Fructus */ = {
			isa = PBXGroup;
			children = (
				9DF81F2C2A97D6E800AF53B7 /* Data */,
				9DF81F292A97D62F00AF53B7 /* Model */,
				9D1DB8642A96D9E3009DC270 /* Extensions */,
				9DC539E02A96D109002B43D8 /* Views */,
				9DC539DF2A96D0E8002B43D8 /* App */,
				9DC539D42A96CC84002B43D8 /* Assets.xcassets */,
				9DC539D62A96CC84002B43D8 /* Fructus.entitlements */,
				9DC539D72A96CC84002B43D8 /* Preview Content */,
			);
			path = Fructus;
			sourceTree = "<group>";
		};
		9DC539D72A96CC84002B43D8 /* Preview Content */ = {
			isa = PBXGroup;
			children = (
				9DC539D82A96CC84002B43D8 /* Preview Assets.xcassets */,
			);
			path = "Preview Content";
			sourceTree = "<group>";
		};
		9DC539DF2A96D0E8002B43D8 /* App */ = {
			isa = PBXGroup;
			children = (
				9DC539D02A96CC82002B43D8 /* FructusApp.swift */,
				9DC539D22A96CC82002B43D8 /* ContentView.swift */,
				9D1DB8622A96D723009DC270 /* OnboardingView.swift */,
			);
			path = App;
			sourceTree = "<group>";
		};
		9DC539E02A96D109002B43D8 /* Views */ = {
			isa = PBXGroup;
			children = (
				9DC539E12A96D12B002B43D8 /* FruitCardView.swift */,
				9D1DB8602A96D4E3009DC270 /* StartButtonView.swift */,
				9D4675F72AA7F2F800FC3B6B /* FruitRowView.swift */,
			);
			path = Views;
			sourceTree = "<group>";
		};
		9DF81F292A97D62F00AF53B7 /* Model */ = {
			isa = PBXGroup;
			children = (
				9DF81F2A2A97D64100AF53B7 /* FruitsModel.swift */,
			);
			path = Model;
			sourceTree = "<group>";
		};
		9DF81F2C2A97D6E800AF53B7 /* Data */ = {
			isa = PBXGroup;
			children = (
				9DF81F2D2A97D6FB00AF53B7 /* FruitData.swift */,
				9DF81F2F2A97DFF600AF53B7 /* AppStorage+String+Extension.swift */,
			);
			path = Data;
			sourceTree = "<group>";
		};
/* End PBXGroup section */

/* Begin PBXNativeTarget section */
		9DC539CC2A96CC82002B43D8 /* Fructus */ = {
			isa = PBXNativeTarget;
			buildConfigurationList = 9DC539DC2A96CC84002B43D8 /* Build configuration list for PBXNativeTarget "Fructus" */;
			buildPhases = (
				9DC539C92A96CC82002B43D8 /* Sources */,
				9DC539CA2A96CC82002B43D8 /* Frameworks */,
				9DC539CB2A96CC82002B43D8 /* Resources */,
			);
			buildRules = (
			);
			dependencies = (
			);
			name = Fructus;
			productName = Fructus;
			productReference = 9DC539CD2A96CC82002B43D8 /* Fructus.app */;
			productType = "com.apple.product-type.application";
		};
/* End PBXNativeTarget section */

/* Begin PBXProject section */
		9DC539C52A96CC82002B43D8 /* Project object */ = {
			isa = PBXProject;
			attributes = {
				BuildIndependentTargetsInParallel = 1;
				LastSwiftUpdateCheck = 1430;
				LastUpgradeCheck = 1430;
				TargetAttributes = {
					9DC539CC2A96CC82002B43D8 = {
						CreatedOnToolsVersion = 14.3.1;
					};
				};
			};
			buildConfigurationList = 9DC539C82A96CC82002B43D8 /* Build configuration list for PBXProject "Fructus" */;
			compatibilityVersion = "Xcode 14.0";
			developmentRegion = en;
			hasScannedForEncodings = 0;
			knownRegions = (
				en,
				Base,
			);
			mainGroup = 9DC539C42A96CC82002B43D8;
			productRefGroup = 9DC539CE2A96CC82002B43D8 /* Products */;
			projectDirPath = "";
			projectRoot = "";
			targets = (
				9DC539CC2A96CC82002B43D8 /* Fructus */,
			);
		};
/* End PBXProject section */

/* Begin PBXResourcesBuildPhase section */
		9DC539CB2A96CC82002B43D8 /* Resources */ = {
			isa = PBXResourcesBuildPhase;
			buildActionMask = 2147483647;
			files = (
				9DC539D92A96CC84002B43D8 /* Preview Assets.xcassets in Resources */,
				9DC539D52A96CC84002B43D8 /* Assets.xcassets in Resources */,
			);
			runOnlyForDeploymentPostprocessing = 0;
		};
/* End PBXResourcesBuildPhase section */

/* Begin PBXSourcesBuildPhase section */
		9DC539C92A96CC82002B43D8 /* Sources */ = {
			isa = PBXSourcesBuildPhase;
			buildActionMask = 2147483647;
			files = (
				9D4675F82AA7F2F800FC3B6B /* FruitRowView.swift in Sources */,
				9DF81F302A97DFF600AF53B7 /* AppStorage+String+Extension.swift in Sources */,
				9DC539D32A96CC82002B43D8 /* ContentView.swift in Sources */,
				9D1DB8662A96D9F8009DC270 /* Color+Extension.swift in Sources */,
				9D1DB8612A96D4E3009DC270 /* StartButtonView.swift in Sources */,
				9DC539D12A96CC82002B43D8 /* FructusApp.swift in Sources */,
				9D1DB8632A96D723009DC270 /* OnboardingView.swift in Sources */,
				9DF81F2B2A97D64100AF53B7 /* FruitsModel.swift in Sources */,
				9DF81F2E2A97D6FB00AF53B7 /* FruitData.swift in Sources */,
				9DC539E22A96D12B002B43D8 /* FruitCardView.swift in Sources */,
			);
			runOnlyForDeploymentPostprocessing = 0;
		};
/* End PBXSourcesBuildPhase section */

/* Begin XCBuildConfiguration section */
		9DC539DA2A96CC84002B43D8 /* Debug */ = {
			isa = XCBuildConfiguration;
			buildSettings = {
				ALWAYS_SEARCH_USER_PATHS = NO;
				CLANG_ANALYZER_NONNULL = YES;
				CLANG_ANALYZER_NUMBER_OBJECT_CONVERSION = YES_AGGRESSIVE;
				CLANG_CXX_LANGUAGE_STANDARD = "gnu++20";
				CLANG_ENABLE_MODULES = YES;
				CLANG_ENABLE_OBJC_ARC = YES;
				CLANG_ENABLE_OBJC_WEAK = YES;
				CLANG_WARN_BLOCK_CAPTURE_AUTORELEASING = YES;
				CLANG_WARN_BOOL_CONVERSION = YES;
				CLANG_WARN_COMMA = YES;
				CLANG_WARN_CONSTANT_CONVERSION = YES;
				CLANG_WARN_DEPRECATED_OBJC_IMPLEMENTATIONS = YES;
				CLANG_WARN_DIRECT_OBJC_ISA_USAGE = YES_ERROR;
				CLANG_WARN_DOCUMENTATION_COMMENTS = YES;
				CLANG_WARN_EMPTY_BODY = YES;
				CLANG_WARN_ENUM_CONVERSION = YES;
				CLANG_WARN_INFINITE_RECURSION = YES;
				CLANG_WARN_INT_CONVERSION = YES;
				CLANG_WARN_NON_LITERAL_NULL_CONVERSION = YES;
				CLANG_WARN_OBJC_IMPLICIT_RETAIN_SELF = YES;
				CLANG_WARN_OBJC_LITERAL_CONVERSION = YES;
				CLANG_WARN_OBJC_ROOT_CLASS = YES_ERROR;
				CLANG_WARN_QUOTED_INCLUDE_IN_FRAMEWORK_HEADER = YES;
				CLANG_WARN_RANGE_LOOP_ANALYSIS = YES;
				CLANG_WARN_STRICT_PROTOTYPES = YES;
				CLANG_WARN_SUSPICIOUS_MOVE = YES;
				CLANG_WARN_UNGUARDED_AVAILABILITY = YES_AGGRESSIVE;
				CLANG_WARN_UNREACHABLE_CODE = YES;
				CLANG_WARN__DUPLICATE_METHOD_MATCH = YES;
				COPY_PHASE_STRIP = NO;
				DEBUG_INFORMATION_FORMAT = dwarf;
				ENABLE_STRICT_OBJC_MSGSEND = YES;
				ENABLE_TESTABILITY = YES;
				GCC_C_LANGUAGE_STANDARD = gnu11;
				GCC_DYNAMIC_NO_PIC = NO;
				GCC_NO_COMMON_BLOCKS = YES;
				GCC_OPTIMIZATION_LEVEL = 0;
				GCC_PREPROCESSOR_DEFINITIONS = (
					"DEBUG=1",
					"$(inherited)",
				);
				GCC_WARN_64_TO_32_BIT_CONVERSION = YES;
				GCC_WARN_ABOUT_RETURN_TYPE = YES_ERROR;
				GCC_WARN_UNDECLARED_SELECTOR = YES;
				GCC_WARN_UNINITIALIZED_AUTOS = YES_AGGRESSIVE;
				GCC_WARN_UNUSED_FUNCTION = YES;
				GCC_WARN_UNUSED_VARIABLE = YES;
				MTL_ENABLE_DEBUG_INFO = INCLUDE_SOURCE;
				MTL_FAST_MATH = YES;
				ONLY_ACTIVE_ARCH = YES;
				SWIFT_ACTIVE_COMPILATION_CONDITIONS = DEBUG;
				SWIFT_OPTIMIZATION_LEVEL = "-Onone";
			};
			name = Debug;
		};
		9DC539DB2A96CC84002B43D8 /* Release */ = {
			isa = XCBuildConfiguration;
			buildSettings = {
				ALWAYS_SEARCH_USER_PATHS = NO;
				CLANG_ANALYZER_NONNULL = YES;
				CLANG_ANALYZER_NUMBER_OBJECT_CONVERSION = YES_AGGRESSIVE;
				CLANG_CXX_LANGUAGE_STANDARD = "gnu++20";
				CLANG_ENABLE_MODULES = YES;
				CLANG_ENABLE_OBJC_ARC = YES;
				CLANG_ENABLE_OBJC_WEAK = YES;
				CLANG_WARN_BLOCK_CAPTURE_AUTORELEASING = YES;
				CLANG_WARN_BOOL_CONVERSION = YES;
				CLANG_WARN_COMMA = YES;
				CLANG_WARN_CONSTANT_CONVERSION = YES;
				CLANG_WARN_DEPRECATED_OBJC_IMPLEMENTATIONS = YES;
				CLANG_WARN_DIRECT_OBJC_ISA_USAGE = YES_ERROR;
				CLANG_WARN_DOCUMENTATION_COMMENTS = YES;
				CLANG_WARN_EMPTY_BODY = YES;
				CLANG_WARN_ENUM_CONVERSION = YES;
				CLANG_WARN_INFINITE_RECURSION = YES;
				CLANG_WARN_INT_CONVERSION = YES;
				CLANG_WARN_NON_LITERAL_NULL_CONVERSION = YES;
				CLANG_WARN_OBJC_IMPLICIT_RETAIN_SELF = YES;
				CLANG_WARN_OBJC_LITERAL_CONVERSION = YES;
				CLANG_WARN_OBJC_ROOT_CLASS = YES_ERROR;
				CLANG_WARN_QUOTED_INCLUDE_IN_FRAMEWORK_HEADER = YES;
				CLANG_WARN_RANGE_LOOP_ANALYSIS = YES;
				CLANG_WARN_STRICT_PROTOTYPES = YES;
				CLANG_WARN_SUSPICIOUS_MOVE = YES;
				CLANG_WARN_UNGUARDED_AVAILABILITY = YES_AGGRESSIVE;
				CLANG_WARN_UNREACHABLE_CODE = YES;
				CLANG_WARN__DUPLICATE_METHOD_MATCH = YES;
				COPY_PHASE_STRIP = NO;
				DEBUG_INFORMATION_FORMAT = "dwarf-with-dsym";
				ENABLE_NS_ASSERTIONS = NO;
				ENABLE_STRICT_OBJC_MSGSEND = YES;
				GCC_C_LANGUAGE_STANDARD = gnu11;
				GCC_NO_COMMON_BLOCKS = YES;
				GCC_WARN_64_TO_32_BIT_CONVERSION = YES;
				GCC_WARN_ABOUT_RETURN_TYPE = YES_ERROR;
				GCC_WARN_UNDECLARED_SELECTOR = YES;
				GCC_WARN_UNINITIALIZED_AUTOS = YES_AGGRESSIVE;
				GCC_WARN_UNUSED_FUNCTION = YES;
				GCC_WARN_UNUSED_VARIABLE = YES;
				MTL_ENABLE_DEBUG_INFO = NO;
				MTL_FAST_MATH = YES;
				SWIFT_COMPILATION_MODE = wholemodule;
				SWIFT_OPTIMIZATION_LEVEL = "-O";
			};
			name = Release;
		};
		9DC539DD2A96CC84002B43D8 /* Debug */ = {
			isa = XCBuildConfiguration;
			buildSettings = {
				ASSETCATALOG_COMPILER_APPICON_NAME = AppIcon;
				ASSETCATALOG_COMPILER_GLOBAL_ACCENT_COLOR_NAME = AccentColor;
				CODE_SIGN_ENTITLEMENTS = Fructus/Fructus.entitlements;
				CODE_SIGN_STYLE = Automatic;
				CURRENT_PROJECT_VERSION = 1;
				DEVELOPMENT_ASSET_PATHS = "\"Fructus/Preview Content\"";
				DEVELOPMENT_TEAM = T2Q6YQFS79;
				ENABLE_HARDENED_RUNTIME = YES;
				ENABLE_PREVIEWS = YES;
				GENERATE_INFOPLIST_FILE = YES;
				"INFOPLIST_KEY_UIApplicationSceneManifest_Generation[sdk=iphoneos*]" = YES;
				"INFOPLIST_KEY_UIApplicationSceneManifest_Generation[sdk=iphonesimulator*]" = YES;
				"INFOPLIST_KEY_UIApplicationSupportsIndirectInputEvents[sdk=iphoneos*]" = YES;
				"INFOPLIST_KEY_UIApplicationSupportsIndirectInputEvents[sdk=iphonesimulator*]" = YES;
				"INFOPLIST_KEY_UILaunchScreen_Generation[sdk=iphoneos*]" = YES;
				"INFOPLIST_KEY_UILaunchScreen_Generation[sdk=iphonesimulator*]" = YES;
				"INFOPLIST_KEY_UIStatusBarStyle[sdk=iphoneos*]" = UIStatusBarStyleDefault;
				"INFOPLIST_KEY_UIStatusBarStyle[sdk=iphonesimulator*]" = UIStatusBarStyleDefault;
				INFOPLIST_KEY_UISupportedInterfaceOrientations = UIInterfaceOrientationPortrait;
				INFOPLIST_KEY_UISupportedInterfaceOrientations_iPad = "UIInterfaceOrientationLandscapeLeft UIInterfaceOrientationLandscapeRight UIInterfaceOrientationPortrait UIInterfaceOrientationPortraitUpsideDown";
				IPHONEOS_DEPLOYMENT_TARGET = 16.4;
				LD_RUNPATH_SEARCH_PATHS = "@executable_path/Frameworks";
				"LD_RUNPATH_SEARCH_PATHS[sdk=macosx*]" = "@executable_path/../Frameworks";
				MACOSX_DEPLOYMENT_TARGET = 13.3;
				MARKETING_VERSION = 1.0;
				PRODUCT_BUNDLE_IDENTIFIER = com.galdinoallan.Fructus;
				PRODUCT_NAME = "$(TARGET_NAME)";
				SDKROOT = auto;
				SUPPORTED_PLATFORMS = "iphoneos iphonesimulator macosx";
				SWIFT_EMIT_LOC_STRINGS = YES;
				SWIFT_VERSION = 5.0;
				TARGETED_DEVICE_FAMILY = "1,2";
			};
			name = Debug;
		};
		9DC539DE2A96CC84002B43D8 /* Release */ = {
			isa = XCBuildConfiguration;
			buildSettings = {
				ASSETCATALOG_COMPILER_APPICON_NAME = AppIcon;
				ASSETCATALOG_COMPILER_GLOBAL_ACCENT_COLOR_NAME = AccentColor;
				CODE_SIGN_ENTITLEMENTS = Fructus/Fructus.entitlements;
				CODE_SIGN_STYLE = Automatic;
				CURRENT_PROJECT_VERSION = 1;
				DEVELOPMENT_ASSET_PATHS = "\"Fructus/Preview Content\"";
				DEVELOPMENT_TEAM = T2Q6YQFS79;
				ENABLE_HARDENED_RUNTIME = YES;
				ENABLE_PREVIEWS = YES;
				GENERATE_INFOPLIST_FILE = YES;
				"INFOPLIST_KEY_UIApplicationSceneManifest_Generation[sdk=iphoneos*]" = YES;
				"INFOPLIST_KEY_UIApplicationSceneManifest_Generation[sdk=iphonesimulator*]" = YES;
				"INFOPLIST_KEY_UIApplicationSupportsIndirectInputEvents[sdk=iphoneos*]" = YES;
				"INFOPLIST_KEY_UIApplicationSupportsIndirectInputEvents[sdk=iphonesimulator*]" = YES;
				"INFOPLIST_KEY_UILaunchScreen_Generation[sdk=iphoneos*]" = YES;
				"INFOPLIST_KEY_UILaunchScreen_Generation[sdk=iphonesimulator*]" = YES;
				"INFOPLIST_KEY_UIStatusBarStyle[sdk=iphoneos*]" = UIStatusBarStyleDefault;
				"INFOPLIST_KEY_UIStatusBarStyle[sdk=iphonesimulator*]" = UIStatusBarStyleDefault;
				INFOPLIST_KEY_UISupportedInterfaceOrientations = UIInterfaceOrientationPortrait;
				INFOPLIST_KEY_UISupportedInterfaceOrientations_iPad = "UIInterfaceOrientationLandscapeLeft UIInterfaceOrientationLandscapeRight UIInterfaceOrientationPortrait UIInterfaceOrientationPortraitUpsideDown";
				IPHONEOS_DEPLOYMENT_TARGET = 16.4;
				LD_RUNPATH_SEARCH_PATHS = "@executable_path/Frameworks";
				"LD_RUNPATH_SEARCH_PATHS[sdk=macosx*]" = "@executable_path/../Frameworks";
				MACOSX_DEPLOYMENT_TARGET = 13.3;
				MARKETING_VERSION = 1.0;
				PRODUCT_BUNDLE_IDENTIFIER = com.galdinoallan.Fructus;
				PRODUCT_NAME = "$(TARGET_NAME)";
				SDKROOT = auto;
				SUPPORTED_PLATFORMS = "iphoneos iphonesimulator macosx";
				SWIFT_EMIT_LOC_STRINGS = YES;
				SWIFT_VERSION = 5.0;
				TARGETED_DEVICE_FAMILY = "1,2";
			};
			name = Release;
		};
/* End XCBuildConfiguration section */

/* Begin XCConfigurationList section */
		9DC539C82A96CC82002B43D8 /* Build configuration list for PBXProject "Fructus" */ = {
			isa = XCConfigurationList;
			buildConfigurations = (
				9DC539DA2A96CC84002B43D8 /* Debug */,
				9DC539DB2A96CC84002B43D8 /* Release */,
			);
			defaultConfigurationIsVisible = 0;
			defaultConfigurationName = Release;
		};
		9DC539DC2A96CC84002B43D8 /* Build configuration list for PBXNativeTarget "Fructus" */ = {
			isa = XCConfigurationList;
			buildConfigurations = (
				9DC539DD2A96CC84002B43D8 /* Debug */,
				9DC539DE2A96CC84002B43D8 /* Release */,
			);
			defaultConfigurationIsVisible = 0;
			defaultConfigurationName = Release;
		};
/* End XCConfigurationList section */
	};
	rootObject = 9DC539C52A96CC82002B43D8 /* Project object */;
}
